
Microsoft Visual Studio Solution File, Format Version 12.00
# Visual Studio Version 16
VisualStudioVersion = 16.0.30413.136
MinimumVisualStudioVersion = 10.0.40219.1
Project("{9A19103F-16F7-4668-BE54-9A1E7A4F7556}") = "Checkers", "Checkers\Checkers.csproj", "{81364DCA-A2BA-4611-A86B-A0384F1A0202}"
EndProject
Project("{FAE04EC0-301F-11D3-BF4B-00C04F79EFBC}") = "Checkers.Lib", "Checkers.Lib\Checkers.Lib.csproj", "{386AE772-1B6C-455B-9256-8FB5CA58F82C}"
EndProject
Global
	GlobalSection(SolutionConfigurationPlatforms) = preSolution
		Debug|Any CPU = Debug|Any CPU
		Release|Any CPU = Release|Any CPU
	EndGlobalSection
	GlobalSection(ProjectConfigurationPlatforms) = postSolution
		{81364DCA-A2BA-4611-A86B-A0384F1A0202}.Debug|Any CPU.ActiveCfg = Debug|Any CPU
		{81364DCA-A2BA-4611-A86B-A0384F1A0202}.Debug|Any CPU.Build.0 = Debug|Any CPU
		{81364DCA-A2BA-4611-A86B-A0384F1A0202}.Release|Any CPU.ActiveCfg = Release|Any CPU
		{81364DCA-A2BA-4611-A86B-A0384F1A0202}.Release|Any CPU.Build.0 = Release|Any CPU
		{386AE772-1B6C-455B-9256-8FB5CA58F82C}.Debug|Any CPU.ActiveCfg = Debug|Any CPU
		{386AE772-1B6C-455B-9256-8FB5CA58F82C}.Debug|Any CPU.Build.0 = Debug|Any CPU
		{386AE772-1B6C-455B-9256-8FB5CA58F82C}.Release|Any CPU.ActiveCfg = Release|Any CPU
		{386AE772-1B6C-455B-9256-8FB5CA58F82C}.Release|Any CPU.Build.0 = Release|Any CPU
	EndGlobalSection
	GlobalSection(SolutionProperties) = preSolution
		HideSolutionNode = FALSE
	EndGlobalSection
	GlobalSection(ExtensibilityGlobals) = postSolution
		SolutionGuid = {EF2847B6-69B7-4977-8C30-8CB1C9485587}
	EndGlobalSection
EndGlobal
